
Microsoft Visual Studio Solution File, Format Version 12.00
# Visual Studio Version 16
VisualStudioVersion = 16.0.29418.71
MinimumVisualStudioVersion = 10.0.40219.1
Project("{FAE04EC0-301F-11D3-BF4B-00C04F79EFBC}") = "WatchMyShow", "WatchMyShow\WatchMyShow.csproj", "{854466F0-1E26-4AE1-B84D-394C9AE91CF3}"
EndProject
Global
	GlobalSection(SolutionConfigurationPlatforms) = preSolution
		Debug|Any CPU = Debug|Any CPU
		Release|Any CPU = Release|Any CPU
	EndGlobalSection
	GlobalSection(ProjectConfigurationPlatforms) = postSolution
		{854466F0-1E26-4AE1-B84D-394C9AE91CF3}.Debug|Any CPU.ActiveCfg = Debug|Any CPU
		{854466F0-1E26-4AE1-B84D-394C9AE91CF3}.Debug|Any CPU.Build.0 = Debug|Any CPU
		{854466F0-1E26-4AE1-B84D-394C9AE91CF3}.Release|Any CPU.ActiveCfg = Release|Any CPU
		{854466F0-1E26-4AE1-B84D-394C9AE91CF3}.Release|Any CPU.Build.0 = Release|Any CPU
	EndGlobalSection
	GlobalSection(SolutionProperties) = preSolution
		HideSolutionNode = FALSE
	EndGlobalSection
	GlobalSection(ExtensibilityGlobals) = postSolution
		SolutionGuid = {72E6D95B-C1A3-4FE9-9EDF-DF0F4CBEA18E}
	EndGlobalSection
EndGlobal
